
Microsoft Visual Studio Solution File, Format Version 12.00
# Visual Studio Version 17
VisualStudioVersion = 17.6.33829.357
MinimumVisualStudioVersion = 10.0.40219.1
Project("{FAE04EC0-301F-11D3-BF4B-00C04F79EFBC}") = "HalfSuperMario", "HalfSuperMario.csproj", "{5EBE3D5F-4FDA-419B-A765-99F40F60F6B7}"
EndProject
Global
	GlobalSection(SolutionConfigurationPlatforms) = preSolution
		Debug|Any CPU = Debug|Any CPU
		Release|Any CPU = Release|Any CPU
	EndGlobalSection
	GlobalSection(ProjectConfigurationPlatforms) = postSolution
		{5EBE3D5F-4FDA-419B-A765-99F40F60F6B7}.Debug|Any CPU.ActiveCfg = Debug|Any CPU
		{5EBE3D5F-4FDA-419B-A765-99F40F60F6B7}.Debug|Any CPU.Build.0 = Debug|Any CPU
		{5EBE3D5F-4FDA-419B-A765-99F40F60F6B7}.Release|Any CPU.ActiveCfg = Release|Any CPU
		{5EBE3D5F-4FDA-419B-A765-99F40F60F6B7}.Release|Any CPU.Build.0 = Release|Any CPU
	EndGlobalSection
	GlobalSection(SolutionProperties) = preSolution
		HideSolutionNode = FALSE
	EndGlobalSection
	GlobalSection(ExtensibilityGlobals) = postSolution
		SolutionGuid = {548DB2CD-950F-4E35-BF65-ACC9BA0600B1}
	EndGlobalSection
EndGlobal
